// !$*UTF8*$!
{
	archiveVersion = 1;
	classes = {
	};
	objectVersion = 77;
	objects = {

/* Begin PBXContainerItemProxy section */
		DF5C94162CFD95CD00688C17 /* PBXContainerItemProxy */ = {
			isa = PBXContainerItemProxy;
			containerPortal = DF5C93FD2CFD95CC00688C17 /* Project object */;
			proxyType = 1;
			remoteGlobalIDString = DF5C94042CFD95CC00688C17;
			remoteInfo = count_doku;
		};
		DF5C94202CFD95CD00688C17 /* PBXContainerItemProxy */ = {
			isa = PBXContainerItemProxy;
			containerPortal = DF5C93FD2CFD95CC00688C17 /* Project object */;
			proxyType = 1;
			remoteGlobalIDString = DF5C94042CFD95CC00688C17;
			remoteInfo = count_doku;
		};
/* End PBXContainerItemProxy section */

/* Begin PBXFileReference section */
		DF5C94052CFD95CC00688C17 /* count_doku.app */ = {isa = PBXFileReference; explicitFileType = wrapper.application; includeInIndex = 0; path = count_doku.app; sourceTree = BUILT_PRODUCTS_DIR; };
		DF5C94152CFD95CD00688C17 /* count_dokuTests.xctest */ = {isa = PBXFileReference; explicitFileType = wrapper.cfbundle; includeInIndex = 0; path = count_dokuTests.xctest; sourceTree = BUILT_PRODUCTS_DIR; };
		DF5C941F2CFD95CD00688C17 /* count_dokuUITests.xctest */ = {isa = PBXFileReference; explicitFileType = wrapper.cfbundle; includeInIndex = 0; path = count_dokuUITests.xctest; sourceTree = BUILT_PRODUCTS_DIR; };
/* End PBXFileReference section */

/* Begin PBXFileSystemSynchronizedRootGroup section */
		DF5C94072CFD95CC00688C17 /* count_doku */ = {
			isa = PBXFileSystemSynchronizedRootGroup;
			path = count_doku;
			sourceTree = "<group>";
		};
		DF5C94182CFD95CD00688C17 /* count_dokuTests */ = {
			isa = PBXFileSystemSynchronizedRootGroup;
			path = count_dokuTests;
			sourceTree = "<group>";
		};
		DF5C94222CFD95CD00688C17 /* count_dokuUITests */ = {
			isa = PBXFileSystemSynchronizedRootGroup;
			path = count_dokuUITests;
			sourceTree = "<group>";
		};
/* End PBXFileSystemSynchronizedRootGroup section */

/* Begin PBXFrameworksBuildPhase section */
		DF5C94022CFD95CC00688C17 /* Frameworks */ = {
			isa = PBXFrameworksBuildPhase;
			buildActionMask = 2147483647;
			files = (
			);
			runOnlyForDeploymentPostprocessing = 0;
		};
		DF5C94122CFD95CD00688C17 /* Frameworks */ = {
			isa = PBXFrameworksBuildPhase;
			buildActionMask = 2147483647;
			files = (
			);
			runOnlyForDeploymentPostprocessing = 0;
		};
		DF5C941C2CFD95CD00688C17 /* Frameworks */ = {
			isa = PBXFrameworksBuildPhase;
			buildActionMask = 2147483647;
			files = (
			);
			runOnlyForDeploymentPostprocessing = 0;
		};
/* End PBXFrameworksBuildPhase section */

/* Begin PBXGroup section */
		DF5C93FC2CFD95CC00688C17 = {
			isa = PBXGroup;
			children = (
				DF5C94072CFD95CC00688C17 /* count_doku */,
				DF5C94182CFD95CD00688C17 /* count_dokuTests */,
				DF5C94222CFD95CD00688C17 /* count_dokuUITests */,
				DF5C94062CFD95CC00688C17 /* Products */,
			);
			sourceTree = "<group>";
		};
		DF5C94062CFD95CC00688C17 /* Products */ = {
			isa = PBXGroup;
			children = (
				DF5C94052CFD95CC00688C17 /* count_doku.app */,
				DF5C94152CFD95CD00688C17 /* count_dokuTests.xctest */,
				DF5C941F2CFD95CD00688C17 /* count_dokuUITests.xctest */,
			);
			name = Products;
			sourceTree = "<group>";
		};
/* End PBXGroup section */

/* Begin PBXNativeTarget section */
		DF5C94042CFD95CC00688C17 /* count_doku */ = {
			isa = PBXNativeTarget;
			buildConfigurationList = DF5C94292CFD95CD00688C17 /* Build configuration list for PBXNativeTarget "count_doku" */;
			buildPhases = (
				DF5C94012CFD95CC00688C17 /* Sources */,
				DF5C94022CFD95CC00688C17 /* Frameworks */,
				DF5C94032CFD95CC00688C17 /* Resources */,
			);
			buildRules = (
			);
			dependencies = (
			);
			fileSystemSynchronizedGroups = (
				DF5C94072CFD95CC00688C17 /* count_doku */,
			);
			name = count_doku;
			packageProductDependencies = (
			);
			productName = count_doku;
			productReference = DF5C94052CFD95CC00688C17 /* count_doku.app */;
			productType = "com.apple.product-type.application";
		};
		DF5C94142CFD95CD00688C17 /* count_dokuTests */ = {
			isa = PBXNativeTarget;
			buildConfigurationList = DF5C942C2CFD95CD00688C17 /* Build configuration list for PBXNativeTarget "count_dokuTests" */;
			buildPhases = (
				DF5C94112CFD95CD00688C17 /* Sources */,
				DF5C94122CFD95CD00688C17 /* Frameworks */,
				DF5C94132CFD95CD00688C17 /* Resources */,
			);
			buildRules = (
			);
			dependencies = (
				DF5C94172CFD95CD00688C17 /* PBXTargetDependency */,
			);
			fileSystemSynchronizedGroups = (
				DF5C94182CFD95CD00688C17 /* count_dokuTests */,
			);
			name = count_dokuTests;
			packageProductDependencies = (
			);
			productName = count_dokuTests;
			productReference = DF5C94152CFD95CD00688C17 /* count_dokuTests.xctest */;
			productType = "com.apple.product-type.bundle.unit-test";
		};
		DF5C941E2CFD95CD00688C17 /* count_dokuUITests */ = {
			isa = PBXNativeTarget;
			buildConfigurationList = DF5C942F2CFD95CD00688C17 /* Build configuration list for PBXNativeTarget "count_dokuUITests" */;
			buildPhases = (
				DF5C941B2CFD95CD00688C17 /* Sources */,
				DF5C941C2CFD95CD00688C17 /* Frameworks */,
				DF5C941D2CFD95CD00688C17 /* Resources */,
			);
			buildRules = (
			);
			dependencies = (
				DF5C94212CFD95CD00688C17 /* PBXTargetDependency */,
			);
			fileSystemSynchronizedGroups = (
				DF5C94222CFD95CD00688C17 /* count_dokuUITests */,
			);
			name = count_dokuUITests;
			packageProductDependencies = (
			);
			productName = count_dokuUITests;
			productReference = DF5C941F2CFD95CD00688C17 /* count_dokuUITests.xctest */;
			productType = "com.apple.product-type.bundle.ui-testing";
		};
/* End PBXNativeTarget section */

/* Begin PBXProject section */
		DF5C93FD2CFD95CC00688C17 /* Project object */ = {
			isa = PBXProject;
			attributes = {
				BuildIndependentTargetsInParallel = 1;
				LastSwiftUpdateCheck = 1610;
				LastUpgradeCheck = 1610;
				TargetAttributes = {
					DF5C94042CFD95CC00688C17 = {
						CreatedOnToolsVersion = 16.1;
					};
					DF5C94142CFD95CD00688C17 = {
						CreatedOnToolsVersion = 16.1;
						TestTargetID = DF5C94042CFD95CC00688C17;
					};
					DF5C941E2CFD95CD00688C17 = {
						CreatedOnToolsVersion = 16.1;
						TestTargetID = DF5C94042CFD95CC00688C17;
					};
				};
			};
			buildConfigurationList = DF5C94002CFD95CC00688C17 /* Build configuration list for PBXProject "count_doku" */;
			developmentRegion = en;
			hasScannedForEncodings = 0;
			knownRegions = (
				en,
				Base,
			);
			mainGroup = DF5C93FC2CFD95CC00688C17;
			minimizedProjectReferenceProxies = 1;
			preferredProjectObjectVersion = 77;
			productRefGroup = DF5C94062CFD95CC00688C17 /* Products */;
			projectDirPath = "";
			projectRoot = "";
			targets = (
				DF5C94042CFD95CC00688C17 /* count_doku */,
				DF5C94142CFD95CD00688C17 /* count_dokuTests */,
				DF5C941E2CFD95CD00688C17 /* count_dokuUITests */,
			);
		};
/* End PBXProject section */

/* Begin PBXResourcesBuildPhase section */
		DF5C94032CFD95CC00688C17 /* Resources */ = {
			isa = PBXResourcesBuildPhase;
			buildActionMask = 2147483647;
			files = (
			);
			runOnlyForDeploymentPostprocessing = 0;
		};
		DF5C94132CFD95CD00688C17 /* Resources */ = {
			isa = PBXResourcesBuildPhase;
			buildActionMask = 2147483647;
			files = (
			);
			runOnlyForDeploymentPostprocessing = 0;
		};
		DF5C941D2CFD95CD00688C17 /* Resources */ = {
			isa = PBXResourcesBuildPhase;
			buildActionMask = 2147483647;
			files = (
			);
			runOnlyForDeploymentPostprocessing = 0;
		};
/* End PBXResourcesBuildPhase section */

/* Begin PBXSourcesBuildPhase section */
		DF5C94012CFD95CC00688C17 /* Sources */ = {
			isa = PBXSourcesBuildPhase;
			buildActionMask = 2147483647;
			files = (
			);
			runOnlyForDeploymentPostprocessing = 0;
		};
		DF5C94112CFD95CD00688C17 /* Sources */ = {
			isa = PBXSourcesBuildPhase;
			buildActionMask = 2147483647;
			files = (
			);
			runOnlyForDeploymentPostprocessing = 0;
		};
		DF5C941B2CFD95CD00688C17 /* Sources */ = {
			isa = PBXSourcesBuildPhase;
			buildActionMask = 2147483647;
			files = (
			);
			runOnlyForDeploymentPostprocessing = 0;
		};
/* End PBXSourcesBuildPhase section */

/* Begin PBXTargetDependency section */
		DF5C94172CFD95CD00688C17 /* PBXTargetDependency */ = {
			isa = PBXTargetDependency;
			target = DF5C94042CFD95CC00688C17 /* count_doku */;
			targetProxy = DF5C94162CFD95CD00688C17 /* PBXContainerItemProxy */;
		};
		DF5C94212CFD95CD00688C17 /* PBXTargetDependency */ = {
			isa = PBXTargetDependency;
			target = DF5C94042CFD95CC00688C17 /* count_doku */;
			targetProxy = DF5C94202CFD95CD00688C17 /* PBXContainerItemProxy */;
		};
/* End PBXTargetDependency section */

/* Begin XCBuildConfiguration section */
		DF5C94272CFD95CD00688C17 /* Debug */ = {
			isa = XCBuildConfiguration;
			buildSettings = {
				ALWAYS_SEARCH_USER_PATHS = NO;
				ASSETCATALOG_COMPILER_GENERATE_SWIFT_ASSET_SYMBOL_EXTENSIONS = YES;
				CLANG_ANALYZER_NONNULL = YES;
				CLANG_ANALYZER_NUMBER_OBJECT_CONVERSION = YES_AGGRESSIVE;
				CLANG_CXX_LANGUAGE_STANDARD = "gnu++20";
				CLANG_ENABLE_MODULES = YES;
				CLANG_ENABLE_OBJC_ARC = YES;
				CLANG_ENABLE_OBJC_WEAK = YES;
				CLANG_WARN_BLOCK_CAPTURE_AUTORELEASING = YES;
				CLANG_WARN_BOOL_CONVERSION = YES;
				CLANG_WARN_COMMA = YES;
				CLANG_WARN_CONSTANT_CONVERSION = YES;
				CLANG_WARN_DEPRECATED_OBJC_IMPLEMENTATIONS = YES;
				CLANG_WARN_DIRECT_OBJC_ISA_USAGE = YES_ERROR;
				CLANG_WARN_DOCUMENTATION_COMMENTS = YES;
				CLANG_WARN_EMPTY_BODY = YES;
				CLANG_WARN_ENUM_CONVERSION = YES;
				CLANG_WARN_INFINITE_RECURSION = YES;
				CLANG_WARN_INT_CONVERSION = YES;
				CLANG_WARN_NON_LITERAL_NULL_CONVERSION = YES;
				CLANG_WARN_OBJC_IMPLICIT_RETAIN_SELF = YES;
				CLANG_WARN_OBJC_LITERAL_CONVERSION = YES;
				CLANG_WARN_OBJC_ROOT_CLASS = YES_ERROR;
				CLANG_WARN_QUOTED_INCLUDE_IN_FRAMEWORK_HEADER = YES;
				CLANG_WARN_RANGE_LOOP_ANALYSIS = YES;
				CLANG_WARN_STRICT_PROTOTYPES = YES;
				CLANG_WARN_SUSPICIOUS_MOVE = YES;
				CLANG_WARN_UNGUARDED_AVAILABILITY = YES_AGGRESSIVE;
				CLANG_WARN_UNREACHABLE_CODE = YES;
				CLANG_WARN__DUPLICATE_METHOD_MATCH = YES;
				COPY_PHASE_STRIP = NO;
				DEBUG_INFORMATION_FORMAT = dwarf;
				ENABLE_STRICT_OBJC_MSGSEND = YES;
				ENABLE_TESTABILITY = YES;
				ENABLE_USER_SCRIPT_SANDBOXING = YES;
				GCC_C_LANGUAGE_STANDARD = gnu17;
				GCC_DYNAMIC_NO_PIC = NO;
				GCC_NO_COMMON_BLOCKS = YES;
				GCC_OPTIMIZATION_LEVEL = 0;
				GCC_PREPROCESSOR_DEFINITIONS = (
					"DEBUG=1",
					"$(inherited)",
				);
				GCC_WARN_64_TO_32_BIT_CONVERSION = YES;
				GCC_WARN_ABOUT_RETURN_TYPE = YES_ERROR;
				GCC_WARN_UNDECLARED_SELECTOR = YES;
				GCC_WARN_UNINITIALIZED_AUTOS = YES_AGGRESSIVE;
				GCC_WARN_UNUSED_FUNCTION = YES;
				GCC_WARN_UNUSED_VARIABLE = YES;
				IPHONEOS_DEPLOYMENT_TARGET = 18.1;
				LOCALIZATION_PREFERS_STRING_CATALOGS = YES;
				MTL_ENABLE_DEBUG_INFO = INCLUDE_SOURCE;
				MTL_FAST_MATH = YES;
				ONLY_ACTIVE_ARCH = YES;
				SDKROOT = iphoneos;
				SWIFT_ACTIVE_COMPILATION_CONDITIONS = "DEBUG $(inherited)";
				SWIFT_OPTIMIZATION_LEVEL = "-Onone";
			};
			name = Debug;
		};
		DF5C94282CFD95CD00688C17 /* Release */ = {
			isa = XCBuildConfiguration;
			buildSettings = {
				ALWAYS_SEARCH_USER_PATHS = NO;
				ASSETCATALOG_COMPILER_GENERATE_SWIFT_ASSET_SYMBOL_EXTENSIONS = YES;
				CLANG_ANALYZER_NONNULL = YES;
				CLANG_ANALYZER_NUMBER_OBJECT_CONVERSION = YES_AGGRESSIVE;
				CLANG_CXX_LANGUAGE_STANDARD = "gnu++20";
				CLANG_ENABLE_MODULES = YES;
				CLANG_ENABLE_OBJC_ARC = YES;
				CLANG_ENABLE_OBJC_WEAK = YES;
				CLANG_WARN_BLOCK_CAPTURE_AUTORELEASING = YES;
				CLANG_WARN_BOOL_CONVERSION = YES;
				CLANG_WARN_COMMA = YES;
				CLANG_WARN_CONSTANT_CONVERSION = YES;
				CLANG_WARN_DEPRECATED_OBJC_IMPLEMENTATIONS = YES;
				CLANG_WARN_DIRECT_OBJC_ISA_USAGE = YES_ERROR;
				CLANG_WARN_DOCUMENTATION_COMMENTS = YES;
				CLANG_WARN_EMPTY_BODY = YES;
				CLANG_WARN_ENUM_CONVERSION = YES;
				CLANG_WARN_INFINITE_RECURSION = YES;
				CLANG_WARN_INT_CONVERSION = YES;
				CLANG_WARN_NON_LITERAL_NULL_CONVERSION = YES;
				CLANG_WARN_OBJC_IMPLICIT_RETAIN_SELF = YES;
				CLANG_WARN_OBJC_LITERAL_CONVERSION = YES;
				CLANG_WARN_OBJC_ROOT_CLASS = YES_ERROR;
				CLANG_WARN_QUOTED_INCLUDE_IN_FRAMEWORK_HEADER = YES;
				CLANG_WARN_RANGE_LOOP_ANALYSIS = YES;
				CLANG_WARN_STRICT_PROTOTYPES = YES;
				CLANG_WARN_SUSPICIOUS_MOVE = YES;
				CLANG_WARN_UNGUARDED_AVAILABILITY = YES_AGGRESSIVE;
				CLANG_WARN_UNREACHABLE_CODE = YES;
				CLANG_WARN__DUPLICATE_METHOD_MATCH = YES;
				COPY_PHASE_STRIP = NO;
				DEBUG_INFORMATION_FORMAT = "dwarf-with-dsym";
				ENABLE_NS_ASSERTIONS = NO;
				ENABLE_STRICT_OBJC_MSGSEND = YES;
				ENABLE_USER_SCRIPT_SANDBOXING = YES;
				GCC_C_LANGUAGE_STANDARD = gnu17;
				GCC_NO_COMMON_BLOCKS = YES;
				GCC_WARN_64_TO_32_BIT_CONVERSION = YES;
				GCC_WARN_ABOUT_RETURN_TYPE = YES_ERROR;
				GCC_WARN_UNDECLARED_SELECTOR = YES;
				GCC_WARN_UNINITIALIZED_AUTOS = YES_AGGRESSIVE;
				GCC_WARN_UNUSED_FUNCTION = YES;
				GCC_WARN_UNUSED_VARIABLE = YES;
				IPHONEOS_DEPLOYMENT_TARGET = 18.1;
				LOCALIZATION_PREFERS_STRING_CATALOGS = YES;
				MTL_ENABLE_DEBUG_INFO = NO;
				MTL_FAST_MATH = YES;
				SDKROOT = iphoneos;
				SWIFT_COMPILATION_MODE = wholemodule;
				VALIDATE_PRODUCT = YES;
			};
			name = Release;
		};
		DF5C942A2CFD95CD00688C17 /* Debug */ = {
			isa = XCBuildConfiguration;
			buildSettings = {
				ASSETCATALOG_COMPILER_APPICON_NAME = AppIcon;
				ASSETCATALOG_COMPILER_GLOBAL_ACCENT_COLOR_NAME = AccentColor;
				CODE_SIGN_STYLE = Automatic;
				CURRENT_PROJECT_VERSION = 1;
				DEVELOPMENT_ASSET_PATHS = "\"count_doku/Preview Content\"";
				ENABLE_PREVIEWS = YES;
				GENERATE_INFOPLIST_FILE = YES;
				INFOPLIST_KEY_UIApplicationSceneManifest_Generation = YES;
				INFOPLIST_KEY_UIApplicationSupportsIndirectInputEvents = YES;
				INFOPLIST_KEY_UILaunchScreen_Generation = YES;
				INFOPLIST_KEY_UISupportedInterfaceOrientations_iPad = "UIInterfaceOrientationPortrait UIInterfaceOrientationPortraitUpsideDown UIInterfaceOrientationLandscapeLeft UIInterfaceOrientationLandscapeRight";
				INFOPLIST_KEY_UISupportedInterfaceOrientations_iPhone = "UIInterfaceOrientationPortrait UIInterfaceOrientationLandscapeLeft UIInterfaceOrientationLandscapeRight";
				LD_RUNPATH_SEARCH_PATHS = (
					"$(inherited)",
					"@executable_path/Frameworks",
				);
				MARKETING_VERSION = 1.0;
				PRODUCT_BUNDLE_IDENTIFIER = "dennis-ng.count-doku";
				PRODUCT_NAME = "$(TARGET_NAME)";
				SWIFT_EMIT_LOC_STRINGS = YES;
				SWIFT_VERSION = 5.0;
				TARGETED_DEVICE_FAMILY = "1,2";
			};
			name = Debug;
		};
		DF5C942B2CFD95CD00688C17 /* Release */ = {
			isa = XCBuildConfiguration;
			buildSettings = {
				ASSETCATALOG_COMPILER_APPICON_NAME = AppIcon;
				ASSETCATALOG_COMPILER_GLOBAL_ACCENT_COLOR_NAME = AccentColor;
				CODE_SIGN_STYLE = Automatic;
				CURRENT_PROJECT_VERSION = 1;
				DEVELOPMENT_ASSET_PATHS = "\"count_doku/Preview Content\"";
				ENABLE_PREVIEWS = YES;
				GENERATE_INFOPLIST_FILE = YES;
				INFOPLIST_KEY_UIApplicationSceneManifest_Generation = YES;
				INFOPLIST_KEY_UIApplicationSupportsIndirectInputEvents = YES;
				INFOPLIST_KEY_UILaunchScreen_Generation = YES;
				INFOPLIST_KEY_UISupportedInterfaceOrientations_iPad = "UIInterfaceOrientationPortrait UIInterfaceOrientationPortraitUpsideDown UIInterfaceOrientationLandscapeLeft UIInterfaceOrientationLandscapeRight";
				INFOPLIST_KEY_UISupportedInterfaceOrientations_iPhone = "UIInterfaceOrientationPortrait UIInterfaceOrientationLandscapeLeft UIInterfaceOrientationLandscapeRight";
				LD_RUNPATH_SEARCH_PATHS = (
					"$(inherited)",
					"@executable_path/Frameworks",
				);
				MARKETING_VERSION = 1.0;
				PRODUCT_BUNDLE_IDENTIFIER = "dennis-ng.count-doku";
				PRODUCT_NAME = "$(TARGET_NAME)";
				SWIFT_EMIT_LOC_STRINGS = YES;
				SWIFT_VERSION = 5.0;
				TARGETED_DEVICE_FAMILY = "1,2";
			};
			name = Release;
		};
		DF5C942D2CFD95CD00688C17 /* Debug */ = {
			isa = XCBuildConfiguration;
			buildSettings = {
				BUNDLE_LOADER = "$(TEST_HOST)";
				CODE_SIGN_STYLE = Automatic;
				CURRENT_PROJECT_VERSION = 1;
				GENERATE_INFOPLIST_FILE = YES;
				IPHONEOS_DEPLOYMENT_TARGET = 18.1;
				MARKETING_VERSION = 1.0;
				PRODUCT_BUNDLE_IDENTIFIER = "dennis-ng.count-dokuTests";
				PRODUCT_NAME = "$(TARGET_NAME)";
				SWIFT_EMIT_LOC_STRINGS = NO;
				SWIFT_VERSION = 5.0;
				TARGETED_DEVICE_FAMILY = "1,2";
				TEST_HOST = "$(BUILT_PRODUCTS_DIR)/count_doku.app/$(BUNDLE_EXECUTABLE_FOLDER_PATH)/count_doku";
			};
			name = Debug;
		};
		DF5C942E2CFD95CD00688C17 /* Release */ = {
			isa = XCBuildConfiguration;
			buildSettings = {
				BUNDLE_LOADER = "$(TEST_HOST)";
				CODE_SIGN_STYLE = Automatic;
				CURRENT_PROJECT_VERSION = 1;
				GENERATE_INFOPLIST_FILE = YES;
				IPHONEOS_DEPLOYMENT_TARGET = 18.1;
				MARKETING_VERSION = 1.0;
				PRODUCT_BUNDLE_IDENTIFIER = "dennis-ng.count-dokuTests";
				PRODUCT_NAME = "$(TARGET_NAME)";
				SWIFT_EMIT_LOC_STRINGS = NO;
				SWIFT_VERSION = 5.0;
				TARGETED_DEVICE_FAMILY = "1,2";
				TEST_HOST = "$(BUILT_PRODUCTS_DIR)/count_doku.app/$(BUNDLE_EXECUTABLE_FOLDER_PATH)/count_doku";
			};
			name = Release;
		};
		DF5C94302CFD95CD00688C17 /* Debug */ = {
			isa = XCBuildConfiguration;
			buildSettings = {
				CODE_SIGN_STYLE = Automatic;
				CURRENT_PROJECT_VERSION = 1;
				GENERATE_INFOPLIST_FILE = YES;
				MARKETING_VERSION = 1.0;
				PRODUCT_BUNDLE_IDENTIFIER = "dennis-ng.count-dokuUITests";
				PRODUCT_NAME = "$(TARGET_NAME)";
				SWIFT_EMIT_LOC_STRINGS = NO;
				SWIFT_VERSION = 5.0;
				TARGETED_DEVICE_FAMILY = "1,2";
				TEST_TARGET_NAME = count_doku;
			};
			name = Debug;
		};
		DF5C94312CFD95CD00688C17 /* Release */ = {
			isa = XCBuildConfiguration;
			buildSettings = {
				CODE_SIGN_STYLE = Automatic;
				CURRENT_PROJECT_VERSION = 1;
				GENERATE_INFOPLIST_FILE = YES;
				MARKETING_VERSION = 1.0;
				PRODUCT_BUNDLE_IDENTIFIER = "dennis-ng.count-dokuUITests";
				PRODUCT_NAME = "$(TARGET_NAME)";
				SWIFT_EMIT_LOC_STRINGS = NO;
				SWIFT_VERSION = 5.0;
				TARGETED_DEVICE_FAMILY = "1,2";
				TEST_TARGET_NAME = count_doku;
			};
			name = Release;
		};
/* End XCBuildConfiguration section */

/* Begin XCConfigurationList section */
		DF5C94002CFD95CC00688C17 /* Build configuration list for PBXProject "count_doku" */ = {
			isa = XCConfigurationList;
			buildConfigurations = (
				DF5C94272CFD95CD00688C17 /* Debug */,
				DF5C94282CFD95CD00688C17 /* Release */,
			);
			defaultConfigurationIsVisible = 0;
			defaultConfigurationName = Release;
		};
		DF5C94292CFD95CD00688C17 /* Build configuration list for PBXNativeTarget "count_doku" */ = {
			isa = XCConfigurationList;
			buildConfigurations = (
				DF5C942A2CFD95CD00688C17 /* Debug */,
				DF5C942B2CFD95CD00688C17 /* Release */,
			);
			defaultConfigurationIsVisible = 0;
			defaultConfigurationName = Release;
		};
		DF5C942C2CFD95CD00688C17 /* Build configuration list for PBXNativeTarget "count_dokuTests" */ = {
			isa = XCConfigurationList;
			buildConfigurations = (
				DF5C942D2CFD95CD00688C17 /* Debug */,
				DF5C942E2CFD95CD00688C17 /* Release */,
			);
			defaultConfigurationIsVisible = 0;
			defaultConfigurationName = Release;
		};
		DF5C942F2CFD95CD00688C17 /* Build configuration list for PBXNativeTarget "count_dokuUITests" */ = {
			isa = XCConfigurationList;
			buildConfigurations = (
				DF5C94302CFD95CD00688C17 /* Debug */,
				DF5C94312CFD95CD00688C17 /* Release */,
			);
			defaultConfigurationIsVisible = 0;
			defaultConfigurationName = Release;
		};
/* End XCConfigurationList section */
	};
	rootObject = DF5C93FD2CFD95CC00688C17 /* Project object */;
}
